// !$*UTF8*$!
{
	archiveVersion = 1;
	classes = {
	};
	objectVersion = 46;
	objects = {

/* Begin PBXBuildFile section */
		53EAECA9196E2D1100943894 /* mber.cpp in Sources */ = {isa = PBXBuildFile; fileRef = 53EAECA5196E2BF900943894 /* mber.cpp */; };
		53EAECBD196E510500943894 /* digital_good_instance_interface.cpp in Sources */ = {isa = PBXBuildFile; fileRef = 53EAE44E196E2B0100943894 /* digital_good_instance_interface.cpp */; };
		53EAECBE196E510500943894 /* digital_good_instance_list_interface.cpp in Sources */ = {isa = PBXBuildFile; fileRef = 53EAE44F196E2B0100943894 /* digital_good_instance_list_interface.cpp */; };
		53EAECBF196E510500943894 /* DigitalGoodInstanceImpl.cpp in Sources */ = {isa = PBXBuildFile; fileRef = 53EAE450196E2B0100943894 /* DigitalGoodInstanceImpl.cpp */; };
		53EAECC0196E510500943894 /* entity_pointer_interface.cpp in Sources */ = {isa = PBXBuildFile; fileRef = 53EAE453196E2B0100943894 /* entity_pointer_interface.cpp */; };
		53EAECC1196E510500943894 /* entity_pointer_list_interface.cpp in Sources */ = {isa = PBXBuildFile; fileRef = 53EAE454196E2B0100943894 /* entity_pointer_list_interface.cpp */; };
		53EAECC2196E510500943894 /* EntityPointerImpl.cpp in Sources */ = {isa = PBXBuildFile; fileRef = 53EAE455196E2B0100943894 /* EntityPointerImpl.cpp */; };
		53EAECC3196E510500943894 /* mber_dll_interface.cpp in Sources */ = {isa = PBXBuildFile; fileRef = 53EAE458196E2B0100943894 /* mber_dll_interface.cpp */; };
		53EAECC4196E510500943894 /* mber_json_rest_interface.cpp in Sources */ = {isa = PBXBuildFile; fileRef = 53EAE459196E2B0100943894 /* mber_json_rest_interface.cpp */; };
		53EAECC5196E510500943894 /* MberImpl.cpp in Sources */ = {isa = PBXBuildFile; fileRef = 53EAE45A196E2B0100943894 /* MberImpl.cpp */; };
		53EAECC6196E510500943894 /* PocoSessionWrapper.cpp in Sources */ = {isa = PBXBuildFile; fileRef = 53EAE45E196E2B0100943894 /* PocoSessionWrapper.cpp */; };
		53EAECC7196E510500943894 /* property_interface.cpp in Sources */ = {isa = PBXBuildFile; fileRef = 53EAE460196E2B0100943894 /* property_interface.cpp */; };
		53EAECC8196E510500943894 /* property_list_interface.cpp in Sources */ = {isa = PBXBuildFile; fileRef = 53EAE461196E2B0100943894 /* property_list_interface.cpp */; };
		53EAECC9196E510500943894 /* PropertyImpl.cpp in Sources */ = {isa = PBXBuildFile; fileRef = 53EAE462196E2B0100943894 /* PropertyImpl.cpp */; };
		53EAED30196EDE5200943894 /* libPocoCrypto.23.dylib in Frameworks */ = {isa = PBXBuildFile; fileRef = 53EAED1A196EDE5000943894 /* libPocoCrypto.23.dylib */; };
		53EAED31196EDE5200943894 /* libPocoCryptod.23.dylib in Frameworks */ = {isa = PBXBuildFile; fileRef = 53EAED1B196EDE5000943894 /* libPocoCryptod.23.dylib */; };
		53EAED32196EDE5200943894 /* libPocoData.23.dylib in Frameworks */ = {isa = PBXBuildFile; fileRef = 53EAED1C196EDE5000943894 /* libPocoData.23.dylib */; };
		53EAED33196EDE5200943894 /* libPocoDatad.23.dylib in Frameworks */ = {isa = PBXBuildFile; fileRef = 53EAED1D196EDE5000943894 /* libPocoDatad.23.dylib */; };
		53EAED34196EDE5200943894 /* libPocoDataSQLite.23.dylib in Frameworks */ = {isa = PBXBuildFile; fileRef = 53EAED1E196EDE5000943894 /* libPocoDataSQLite.23.dylib */; };
		53EAED35196EDE5200943894 /* libPocoDataSQLited.23.dylib in Frameworks */ = {isa = PBXBuildFile; fileRef = 53EAED1F196EDE5000943894 /* libPocoDataSQLited.23.dylib */; };
		53EAED36196EDE5200943894 /* libPocoFoundation.23.dylib in Frameworks */ = {isa = PBXBuildFile; fileRef = 53EAED20196EDE5100943894 /* libPocoFoundation.23.dylib */; };
		53EAED37196EDE5200943894 /* libPocoFoundationd.23.dylib in Frameworks */ = {isa = PBXBuildFile; fileRef = 53EAED21196EDE5100943894 /* libPocoFoundationd.23.dylib */; };
		53EAED38196EDE5200943894 /* libPocoJSON.23.dylib in Frameworks */ = {isa = PBXBuildFile; fileRef = 53EAED22196EDE5100943894 /* libPocoJSON.23.dylib */; };
		53EAED39196EDE5200943894 /* libPocoJSONd.23.dylib in Frameworks */ = {isa = PBXBuildFile; fileRef = 53EAED23196EDE5100943894 /* libPocoJSONd.23.dylib */; };
		53EAED3A196EDE5200943894 /* libPocoMongoDB.23.dylib in Frameworks */ = {isa = PBXBuildFile; fileRef = 53EAED24196EDE5100943894 /* libPocoMongoDB.23.dylib */; };
		53EAED3B196EDE5200943894 /* libPocoMongoDBd.23.dylib in Frameworks */ = {isa = PBXBuildFile; fileRef = 53EAED25196EDE5100943894 /* libPocoMongoDBd.23.dylib */; };
		53EAED3C196EDE5200943894 /* libPocoNet.23.dylib in Frameworks */ = {isa = PBXBuildFile; fileRef = 53EAED26196EDE5100943894 /* libPocoNet.23.dylib */; };
		53EAED3D196EDE5200943894 /* libPocoNetd.23.dylib in Frameworks */ = {isa = PBXBuildFile; fileRef = 53EAED27196EDE5100943894 /* libPocoNetd.23.dylib */; };
		53EAED3E196EDE5200943894 /* libPocoNetSSL.23.dylib in Frameworks */ = {isa = PBXBuildFile; fileRef = 53EAED28196EDE5200943894 /* libPocoNetSSL.23.dylib */; };
		53EAED3F196EDE5200943894 /* libPocoNetSSLd.23.dylib in Frameworks */ = {isa = PBXBuildFile; fileRef = 53EAED29196EDE5200943894 /* libPocoNetSSLd.23.dylib */; };
		53EAED40196EDE5200943894 /* libPocoUtil.23.dylib in Frameworks */ = {isa = PBXBuildFile; fileRef = 53EAED2A196EDE5200943894 /* libPocoUtil.23.dylib */; };
		53EAED41196EDE5200943894 /* libPocoUtild.23.dylib in Frameworks */ = {isa = PBXBuildFile; fileRef = 53EAED2B196EDE5200943894 /* libPocoUtild.23.dylib */; };
		53EAED42196EDE5300943894 /* libPocoXML.23.dylib in Frameworks */ = {isa = PBXBuildFile; fileRef = 53EAED2C196EDE5200943894 /* libPocoXML.23.dylib */; };
		53EAED43196EDE5300943894 /* libPocoXMLd.23.dylib in Frameworks */ = {isa = PBXBuildFile; fileRef = 53EAED2D196EDE5200943894 /* libPocoXMLd.23.dylib */; };
		53EAED44196EDE5300943894 /* libPocoZip.23.dylib in Frameworks */ = {isa = PBXBuildFile; fileRef = 53EAED2E196EDE5200943894 /* libPocoZip.23.dylib */; };
		53EAED45196EDE5300943894 /* libPocoZipd.23.dylib in Frameworks */ = {isa = PBXBuildFile; fileRef = 53EAED2F196EDE5200943894 /* libPocoZipd.23.dylib */; };
/* End PBXBuildFile section */

/* Begin PBXFileReference section */
		5391ADF319742BC0007BA5CD /* Makefile */ = {isa = PBXFileReference; fileEncoding = 4; lastKnownFileType = sourcecode.make; path = Makefile; sourceTree = SOURCE_ROOT; };
		53EABE96196E289100943894 /* libMber Linux SDK.dylib */ = {isa = PBXFileReference; explicitFileType = "compiled.mach-o.dylib"; includeInIndex = 0; path = "libMber Linux SDK.dylib"; sourceTree = BUILT_PRODUCTS_DIR; };
		53EAE44C196E2B0100943894 /* README.md */ = {isa = PBXFileReference; fileEncoding = 4; lastKnownFileType = text; path = README.md; sourceTree = "<group>"; };
		53EAE44E196E2B0100943894 /* digital_good_instance_interface.cpp */ = {isa = PBXFileReference; fileEncoding = 4; lastKnownFileType = sourcecode.cpp.cpp; path = digital_good_instance_interface.cpp; sourceTree = "<group>"; };
		53EAE44F196E2B0100943894 /* digital_good_instance_list_interface.cpp */ = {isa = PBXFileReference; fileEncoding = 4; lastKnownFileType = sourcecode.cpp.cpp; path = digital_good_instance_list_interface.cpp; sourceTree = "<group>"; };
		53EAE450196E2B0100943894 /* DigitalGoodInstanceImpl.cpp */ = {isa = PBXFileReference; fileEncoding = 4; lastKnownFileType = sourcecode.cpp.cpp; path = DigitalGoodInstanceImpl.cpp; sourceTree = "<group>"; };
		53EAE451196E2B0100943894 /* DigitalGoodInstanceImpl.h */ = {isa = PBXFileReference; fileEncoding = 4; lastKnownFileType = sourcecode.c.h; path = DigitalGoodInstanceImpl.h; sourceTree = "<group>"; };
		53EAE452196E2B0100943894 /* DigitalGoodInstanceListImpl.h */ = {isa = PBXFileReference; fileEncoding = 4; lastKnownFileType = sourcecode.c.h; path = DigitalGoodInstanceListImpl.h; sourceTree = "<group>"; };
		53EAE453196E2B0100943894 /* entity_pointer_interface.cpp */ = {isa = PBXFileReference; fileEncoding = 4; lastKnownFileType = sourcecode.cpp.cpp; path = entity_pointer_interface.cpp; sourceTree = "<group>"; };
		53EAE454196E2B0100943894 /* entity_pointer_list_interface.cpp */ = {isa = PBXFileReference; fileEncoding = 4; lastKnownFileType = sourcecode.cpp.cpp; path = entity_pointer_list_interface.cpp; sourceTree = "<group>"; };
		53EAE455196E2B0100943894 /* EntityPointerImpl.cpp */ = {isa = PBXFileReference; fileEncoding = 4; lastKnownFileType = sourcecode.cpp.cpp; path = EntityPointerImpl.cpp; sourceTree = "<group>"; };
		53EAE456196E2B0100943894 /* EntityPointerImpl.h */ = {isa = PBXFileReference; fileEncoding = 4; lastKnownFileType = sourcecode.c.h; path = EntityPointerImpl.h; sourceTree = "<group>"; };
		53EAE457196E2B0100943894 /* EntityPointerListImpl.h */ = {isa = PBXFileReference; fileEncoding = 4; lastKnownFileType = sourcecode.c.h; path = EntityPointerListImpl.h; sourceTree = "<group>"; };
		53EAE458196E2B0100943894 /* mber_dll_interface.cpp */ = {isa = PBXFileReference; fileEncoding = 4; lastKnownFileType = sourcecode.cpp.cpp; path = mber_dll_interface.cpp; sourceTree = "<group>"; };
		53EAE459196E2B0100943894 /* mber_json_rest_interface.cpp */ = {isa = PBXFileReference; fileEncoding = 4; lastKnownFileType = sourcecode.cpp.cpp; path = mber_json_rest_interface.cpp; sourceTree = "<group>"; };
		53EAE45A196E2B0100943894 /* MberImpl.cpp */ = {isa = PBXFileReference; fileEncoding = 4; lastKnownFileType = sourcecode.cpp.cpp; path = MberImpl.cpp; sourceTree = "<group>"; };
		53EAE45B196E2B0100943894 /* MberImpl.h */ = {isa = PBXFileReference; fileEncoding = 4; lastKnownFileType = sourcecode.c.h; path = MberImpl.h; sourceTree = "<group>"; };
		53EAE45C196E2B0100943894 /* MberListImpl.h */ = {isa = PBXFileReference; fileEncoding = 4; lastKnownFileType = sourcecode.c.h; path = MberListImpl.h; sourceTree = "<group>"; };
		53EAE45D196E2B0100943894 /* NonCopyable.h */ = {isa = PBXFileReference; fileEncoding = 4; lastKnownFileType = sourcecode.c.h; path = NonCopyable.h; sourceTree = "<group>"; };
		53EAE45E196E2B0100943894 /* PocoSessionWrapper.cpp */ = {isa = PBXFileReference; fileEncoding = 4; lastKnownFileType = sourcecode.cpp.cpp; path = PocoSessionWrapper.cpp; sourceTree = "<group>"; };
		53EAE45F196E2B0100943894 /* PocoSessionWrapper.h */ = {isa = PBXFileReference; fileEncoding = 4; lastKnownFileType = sourcecode.c.h; path = PocoSessionWrapper.h; sourceTree = "<group>"; };
		53EAE460196E2B0100943894 /* property_interface.cpp */ = {isa = PBXFileReference; fileEncoding = 4; lastKnownFileType = sourcecode.cpp.cpp; path = property_interface.cpp; sourceTree = "<group>"; };
		53EAE461196E2B0100943894 /* property_list_interface.cpp */ = {isa = PBXFileReference; fileEncoding = 4; lastKnownFileType = sourcecode.cpp.cpp; path = property_list_interface.cpp; sourceTree = "<group>"; };
		53EAE462196E2B0100943894 /* PropertyImpl.cpp */ = {isa = PBXFileReference; fileEncoding = 4; lastKnownFileType = sourcecode.cpp.cpp; path = PropertyImpl.cpp; sourceTree = "<group>"; };
		53EAE463196E2B0100943894 /* PropertyImpl.h */ = {isa = PBXFileReference; fileEncoding = 4; lastKnownFileType = sourcecode.c.h; path = PropertyImpl.h; sourceTree = "<group>"; };
		53EAE464196E2B0100943894 /* PropertyListImpl.h */ = {isa = PBXFileReference; fileEncoding = 4; lastKnownFileType = sourcecode.c.h; path = PropertyListImpl.h; sourceTree = "<group>"; };
		53EAE467196E2B0100943894 /* Base64Test.cpp */ = {isa = PBXFileReference; fileEncoding = 4; lastKnownFileType = sourcecode.cpp.cpp; path = Base64Test.cpp; sourceTree = "<group>"; };
		53EAE468196E2B0100943894 /* CommerceTest.cpp */ = {isa = PBXFileReference; fileEncoding = 4; lastKnownFileType = sourcecode.cpp.cpp; path = CommerceTest.cpp; sourceTree = "<group>"; };
		53EAE469196E2B0100943894 /* DigitalGoodTest.cpp */ = {isa = PBXFileReference; fileEncoding = 4; lastKnownFileType = sourcecode.cpp.cpp; path = DigitalGoodTest.cpp; sourceTree = "<group>"; };
		53EAE46A196E2B0100943894 /* DocumentTest.cpp */ = {isa = PBXFileReference; fileEncoding = 4; lastKnownFileType = sourcecode.cpp.cpp; path = DocumentTest.cpp; sourceTree = "<group>"; };
		53EAE46B196E2B0100943894 /* EntityPointerTest.cpp */ = {isa = PBXFileReference; fileEncoding = 4; lastKnownFileType = sourcecode.cpp.cpp; path = EntityPointerTest.cpp; sourceTree = "<group>"; };
		53EAE46D196E2B0100943894 /* gtest-all.cc */ = {isa = PBXFileReference; fileEncoding = 4; lastKnownFileType = sourcecode.cpp.cpp; path = "gtest-all.cc"; sourceTree = "<group>"; };
		53EAE46E196E2B0100943894 /* gtest.h */ = {isa = PBXFileReference; fileEncoding = 4; lastKnownFileType = sourcecode.c.h; path = gtest.h; sourceTree = "<group>"; };
		53EAE46F196E2B0100943894 /* JsonAPITest.cpp */ = {isa = PBXFileReference; fileEncoding = 4; lastKnownFileType = sourcecode.cpp.cpp; path = JsonAPITest.cpp; sourceTree = "<group>"; };
		53EAE470196E2B0100943894 /* main.cpp */ = {isa = PBXFileReference; fileEncoding = 4; lastKnownFileType = sourcecode.cpp.cpp; path = main.cpp; sourceTree = "<group>"; };
		53EAE471196E2B0100943894 /* MberEnv.cpp */ = {isa = PBXFileReference; fileEncoding = 4; lastKnownFileType = sourcecode.cpp.cpp; path = MberEnv.cpp; sourceTree = "<group>"; };
		53EAE472196E2B0100943894 /* MberEnv.h */ = {isa = PBXFileReference; fileEncoding = 4; lastKnownFileType = sourcecode.c.h; path = MberEnv.h; sourceTree = "<group>"; };
		53EAE473196E2B0100943894 /* PropertyTest.cpp */ = {isa = PBXFileReference; fileEncoding = 4; lastKnownFileType = sourcecode.cpp.cpp; path = PropertyTest.cpp; sourceTree = "<group>"; };
		53EAE474196E2B0100943894 /* SessionTest.cpp */ = {isa = PBXFileReference; fileEncoding = 4; lastKnownFileType = sourcecode.cpp.cpp; path = SessionTest.cpp; sourceTree = "<group>"; };
		53EAECA3196E2BF900943894 /* mber.h */ = {isa = PBXFileReference; fileEncoding = 4; lastKnownFileType = sourcecode.c.h; path = mber.h; sourceTree = "<group>"; };
		53EAECA5196E2BF900943894 /* mber.cpp */ = {isa = PBXFileReference; fileEncoding = 4; lastKnownFileType = sourcecode.cpp.cpp; path = mber.cpp; sourceTree = "<group>"; };
		53EAED1A196EDE5000943894 /* libPocoCrypto.23.dylib */ = {isa = PBXFileReference; lastKnownFileType = "compiled.mach-o.dylib"; name = libPocoCrypto.23.dylib; path = "cpp/poco-1.5.3-all/lib/Darwin/x86_64/libPocoCrypto.23.dylib"; sourceTree = "<group>"; };
		53EAED1B196EDE5000943894 /* libPocoCryptod.23.dylib */ = {isa = PBXFileReference; lastKnownFileType = "compiled.mach-o.dylib"; name = libPocoCryptod.23.dylib; path = "cpp/poco-1.5.3-all/lib/Darwin/x86_64/libPocoCryptod.23.dylib"; sourceTree = "<group>"; };
		53EAED1C196EDE5000943894 /* libPocoData.23.dylib */ = {isa = PBXFileReference; lastKnownFileType = "compiled.mach-o.dylib"; name = libPocoData.23.dylib; path = "cpp/poco-1.5.3-all/lib/Darwin/x86_64/libPocoData.23.dylib"; sourceTree = "<group>"; };
		53EAED1D196EDE5000943894 /* libPocoDatad.23.dylib */ = {isa = PBXFileReference; lastKnownFileType = "compiled.mach-o.dylib"; name = libPocoDatad.23.dylib; path = "cpp/poco-1.5.3-all/lib/Darwin/x86_64/libPocoDatad.23.dylib"; sourceTree = "<group>"; };
		53EAED1E196EDE5000943894 /* libPocoDataSQLite.23.dylib */ = {isa = PBXFileReference; lastKnownFileType = "compiled.mach-o.dylib"; name = libPocoDataSQLite.23.dylib; path = "cpp/poco-1.5.3-all/lib/Darwin/x86_64/libPocoDataSQLite.23.dylib"; sourceTree = "<group>"; };
		53EAED1F196EDE5000943894 /* libPocoDataSQLited.23.dylib */ = {isa = PBXFileReference; lastKnownFileType = "compiled.mach-o.dylib"; name = libPocoDataSQLited.23.dylib; path = "cpp/poco-1.5.3-all/lib/Darwin/x86_64/libPocoDataSQLited.23.dylib"; sourceTree = "<group>"; };
		53EAED20196EDE5100943894 /* libPocoFoundation.23.dylib */ = {isa = PBXFileReference; lastKnownFileType = "compiled.mach-o.dylib"; name = libPocoFoundation.23.dylib; path = "cpp/poco-1.5.3-all/lib/Darwin/x86_64/libPocoFoundation.23.dylib"; sourceTree = "<group>"; };
		53EAED21196EDE5100943894 /* libPocoFoundationd.23.dylib */ = {isa = PBXFileReference; lastKnownFileType = "compiled.mach-o.dylib"; name = libPocoFoundationd.23.dylib; path = "cpp/poco-1.5.3-all/lib/Darwin/x86_64/libPocoFoundationd.23.dylib"; sourceTree = "<group>"; };
		53EAED22196EDE5100943894 /* libPocoJSON.23.dylib */ = {isa = PBXFileReference; lastKnownFileType = "compiled.mach-o.dylib"; name = libPocoJSON.23.dylib; path = "cpp/poco-1.5.3-all/lib/Darwin/x86_64/libPocoJSON.23.dylib"; sourceTree = "<group>"; };
		53EAED23196EDE5100943894 /* libPocoJSONd.23.dylib */ = {isa = PBXFileReference; lastKnownFileType = "compiled.mach-o.dylib"; name = libPocoJSONd.23.dylib; path = "cpp/poco-1.5.3-all/lib/Darwin/x86_64/libPocoJSONd.23.dylib"; sourceTree = "<group>"; };
		53EAED24196EDE5100943894 /* libPocoMongoDB.23.dylib */ = {isa = PBXFileReference; lastKnownFileType = "compiled.mach-o.dylib"; name = libPocoMongoDB.23.dylib; path = "cpp/poco-1.5.3-all/lib/Darwin/x86_64/libPocoMongoDB.23.dylib"; sourceTree = "<group>"; };
		53EAED25196EDE5100943894 /* libPocoMongoDBd.23.dylib */ = {isa = PBXFileReference; lastKnownFileType = "compiled.mach-o.dylib"; name = libPocoMongoDBd.23.dylib; path = "cpp/poco-1.5.3-all/lib/Darwin/x86_64/libPocoMongoDBd.23.dylib"; sourceTree = "<group>"; };
		53EAED26196EDE5100943894 /* libPocoNet.23.dylib */ = {isa = PBXFileReference; lastKnownFileType = "compiled.mach-o.dylib"; name = libPocoNet.23.dylib; path = "cpp/poco-1.5.3-all/lib/Darwin/x86_64/libPocoNet.23.dylib"; sourceTree = "<group>"; };
		53EAED27196EDE5100943894 /* libPocoNetd.23.dylib */ = {isa = PBXFileReference; lastKnownFileType = "compiled.mach-o.dylib"; name = libPocoNetd.23.dylib; path = "cpp/poco-1.5.3-all/lib/Darwin/x86_64/libPocoNetd.23.dylib"; sourceTree = "<group>"; };
		53EAED28196EDE5200943894 /* libPocoNetSSL.23.dylib */ = {isa = PBXFileReference; lastKnownFileType = "compiled.mach-o.dylib"; name = libPocoNetSSL.23.dylib; path = "cpp/poco-1.5.3-all/lib/Darwin/x86_64/libPocoNetSSL.23.dylib"; sourceTree = "<group>"; };
		53EAED29196EDE5200943894 /* libPocoNetSSLd.23.dylib */ = {isa = PBXFileReference; lastKnownFileType = "compiled.mach-o.dylib"; name = libPocoNetSSLd.23.dylib; path = "cpp/poco-1.5.3-all/lib/Darwin/x86_64/libPocoNetSSLd.23.dylib"; sourceTree = "<group>"; };
		53EAED2A196EDE5200943894 /* libPocoUtil.23.dylib */ = {isa = PBXFileReference; lastKnownFileType = "compiled.mach-o.dylib"; name = libPocoUtil.23.dylib; path = "cpp/poco-1.5.3-all/lib/Darwin/x86_64/libPocoUtil.23.dylib"; sourceTree = "<group>"; };
		53EAED2B196EDE5200943894 /* libPocoUtild.23.dylib */ = {isa = PBXFileReference; lastKnownFileType = "compiled.mach-o.dylib"; name = libPocoUtild.23.dylib; path = "cpp/poco-1.5.3-all/lib/Darwin/x86_64/libPocoUtild.23.dylib"; sourceTree = "<group>"; };
		53EAED2C196EDE5200943894 /* libPocoXML.23.dylib */ = {isa = PBXFileReference; lastKnownFileType = "compiled.mach-o.dylib"; name = libPocoXML.23.dylib; path = "cpp/poco-1.5.3-all/lib/Darwin/x86_64/libPocoXML.23.dylib"; sourceTree = "<group>"; };
		53EAED2D196EDE5200943894 /* libPocoXMLd.23.dylib */ = {isa = PBXFileReference; lastKnownFileType = "compiled.mach-o.dylib"; name = libPocoXMLd.23.dylib; path = "cpp/poco-1.5.3-all/lib/Darwin/x86_64/libPocoXMLd.23.dylib"; sourceTree = "<group>"; };
		53EAED2E196EDE5200943894 /* libPocoZip.23.dylib */ = {isa = PBXFileReference; lastKnownFileType = "compiled.mach-o.dylib"; name = libPocoZip.23.dylib; path = "cpp/poco-1.5.3-all/lib/Darwin/x86_64/libPocoZip.23.dylib"; sourceTree = "<group>"; };
		53EAED2F196EDE5200943894 /* libPocoZipd.23.dylib */ = {isa = PBXFileReference; lastKnownFileType = "compiled.mach-o.dylib"; name = libPocoZipd.23.dylib; path = "cpp/poco-1.5.3-all/lib/Darwin/x86_64/libPocoZipd.23.dylib"; sourceTree = "<group>"; };
/* End PBXFileReference section */

/* Begin PBXFrameworksBuildPhase section */
		53EAECAB196E483700943894 /* Frameworks */ = {
			isa = PBXFrameworksBuildPhase;
			buildActionMask = 2147483647;
			files = (
				53EAED30196EDE5200943894 /* libPocoCrypto.23.dylib in Frameworks */,
				53EAED31196EDE5200943894 /* libPocoCryptod.23.dylib in Frameworks */,
				53EAED32196EDE5200943894 /* libPocoData.23.dylib in Frameworks */,
				53EAED33196EDE5200943894 /* libPocoDatad.23.dylib in Frameworks */,
				53EAED34196EDE5200943894 /* libPocoDataSQLite.23.dylib in Frameworks */,
				53EAED35196EDE5200943894 /* libPocoDataSQLited.23.dylib in Frameworks */,
				53EAED36196EDE5200943894 /* libPocoFoundation.23.dylib in Frameworks */,
				53EAED37196EDE5200943894 /* libPocoFoundationd.23.dylib in Frameworks */,
				53EAED38196EDE5200943894 /* libPocoJSON.23.dylib in Frameworks */,
				53EAED39196EDE5200943894 /* libPocoJSONd.23.dylib in Frameworks */,
				53EAED3A196EDE5200943894 /* libPocoMongoDB.23.dylib in Frameworks */,
				53EAED3B196EDE5200943894 /* libPocoMongoDBd.23.dylib in Frameworks */,
				53EAED3C196EDE5200943894 /* libPocoNet.23.dylib in Frameworks */,
				53EAED3D196EDE5200943894 /* libPocoNetd.23.dylib in Frameworks */,
				53EAED3E196EDE5200943894 /* libPocoNetSSL.23.dylib in Frameworks */,
				53EAED3F196EDE5200943894 /* libPocoNetSSLd.23.dylib in Frameworks */,
				53EAED40196EDE5200943894 /* libPocoUtil.23.dylib in Frameworks */,
				53EAED41196EDE5200943894 /* libPocoUtild.23.dylib in Frameworks */,
				53EAED42196EDE5300943894 /* libPocoXML.23.dylib in Frameworks */,
				53EAED43196EDE5300943894 /* libPocoXMLd.23.dylib in Frameworks */,
				53EAED44196EDE5300943894 /* libPocoZip.23.dylib in Frameworks */,
				53EAED45196EDE5300943894 /* libPocoZipd.23.dylib in Frameworks */,
			);
			runOnlyForDeploymentPostprocessing = 0;
		};
/* End PBXFrameworksBuildPhase section */

/* Begin PBXGroup section */
		53EABE8D196E289100943894 = {
			isa = PBXGroup;
			children = (
				53EAD59F196E2AF300943894 /* cpp */,
				53EAECBC196E500300943894 /* poco libs */,
				53EABE97196E289100943894 /* Products */,
			);
			sourceTree = "<group>";
		};
		53EABE97196E289100943894 /* Products */ = {
			isa = PBXGroup;
			children = (
				53EABE96196E289100943894 /* libMber Linux SDK.dylib */,
			);
			name = Products;
			sourceTree = "<group>";
		};
		53EAD59F196E2AF300943894 /* cpp */ = {
			isa = PBXGroup;
			children = (
				5391ADF319742BC0007BA5CD /* Makefile */,
				53EAE44D196E2B0100943894 /* src */,
				53EAECA1196E2BF900943894 /* generated */,
				53EAE44C196E2B0100943894 /* README.md */,
				53EAE466196E2B0100943894 /* test */,
			);
			path = cpp;
			sourceTree = "<group>";
		};
		53EAE44D196E2B0100943894 /* src */ = {
			isa = PBXGroup;
			children = (
				53EAE44E196E2B0100943894 /* digital_good_instance_interface.cpp */,
				53EAE44F196E2B0100943894 /* digital_good_instance_list_interface.cpp */,
				53EAE450196E2B0100943894 /* DigitalGoodInstanceImpl.cpp */,
				53EAE451196E2B0100943894 /* DigitalGoodInstanceImpl.h */,
				53EAE452196E2B0100943894 /* DigitalGoodInstanceListImpl.h */,
				53EAE453196E2B0100943894 /* entity_pointer_interface.cpp */,
				53EAE454196E2B0100943894 /* entity_pointer_list_interface.cpp */,
				53EAE455196E2B0100943894 /* EntityPointerImpl.cpp */,
				53EAE456196E2B0100943894 /* EntityPointerImpl.h */,
				53EAE457196E2B0100943894 /* EntityPointerListImpl.h */,
				53EAE458196E2B0100943894 /* mber_dll_interface.cpp */,
				53EAE459196E2B0100943894 /* mber_json_rest_interface.cpp */,
				53EAE45A196E2B0100943894 /* MberImpl.cpp */,
				53EAE45B196E2B0100943894 /* MberImpl.h */,
				53EAE45C196E2B0100943894 /* MberListImpl.h */,
				53EAE45D196E2B0100943894 /* NonCopyable.h */,
				53EAE45E196E2B0100943894 /* PocoSessionWrapper.cpp */,
				53EAE45F196E2B0100943894 /* PocoSessionWrapper.h */,
				53EAE460196E2B0100943894 /* property_interface.cpp */,
				53EAE461196E2B0100943894 /* property_list_interface.cpp */,
				53EAE462196E2B0100943894 /* PropertyImpl.cpp */,
				53EAE463196E2B0100943894 /* PropertyImpl.h */,
				53EAE464196E2B0100943894 /* PropertyListImpl.h */,
			);
			path = src;
			sourceTree = "<group>";
		};
		53EAE466196E2B0100943894 /* test */ = {
			isa = PBXGroup;
			children = (
				53EAE467196E2B0100943894 /* Base64Test.cpp */,
				53EAE468196E2B0100943894 /* CommerceTest.cpp */,
				53EAE469196E2B0100943894 /* DigitalGoodTest.cpp */,
				53EAE46A196E2B0100943894 /* DocumentTest.cpp */,
				53EAE46B196E2B0100943894 /* EntityPointerTest.cpp */,
				53EAE46F196E2B0100943894 /* JsonAPITest.cpp */,
				53EAE470196E2B0100943894 /* main.cpp */,
				53EAE471196E2B0100943894 /* MberEnv.cpp */,
				53EAE472196E2B0100943894 /* MberEnv.h */,
				53EAE473196E2B0100943894 /* PropertyTest.cpp */,
				53EAE474196E2B0100943894 /* SessionTest.cpp */,
				53EAE46C196E2B0100943894 /* gtest */,
			);
			path = test;
			sourceTree = "<group>";
		};
		53EAE46C196E2B0100943894 /* gtest */ = {
			isa = PBXGroup;
			children = (
				53EAE46D196E2B0100943894 /* gtest-all.cc */,
				53EAE46E196E2B0100943894 /* gtest.h */,
			);
			path = gtest;
			sourceTree = "<group>";
		};
		53EAECA1196E2BF900943894 /* generated */ = {
			isa = PBXGroup;
			children = (
				53EAECA2196E2BF900943894 /* include */,
				53EAECA4196E2BF900943894 /* src */,
			);
			path = generated;
			sourceTree = "<group>";
		};
		53EAECA2196E2BF900943894 /* include */ = {
			isa = PBXGroup;
			children = (
				53EAECA3196E2BF900943894 /* mber.h */,
			);
			path = include;
			sourceTree = "<group>";
		};
		53EAECA4196E2BF900943894 /* src */ = {
			isa = PBXGroup;
			children = (
				53EAECA5196E2BF900943894 /* mber.cpp */,
			);
			path = src;
			sourceTree = "<group>";
		};
		53EAECBC196E500300943894 /* poco libs */ = {
			isa = PBXGroup;
			children = (
				53EAED1A196EDE5000943894 /* libPocoCrypto.23.dylib */,
				53EAED1B196EDE5000943894 /* libPocoCryptod.23.dylib */,
				53EAED1C196EDE5000943894 /* libPocoData.23.dylib */,
				53EAED1D196EDE5000943894 /* libPocoDatad.23.dylib */,
				53EAED1E196EDE5000943894 /* libPocoDataSQLite.23.dylib */,
				53EAED1F196EDE5000943894 /* libPocoDataSQLited.23.dylib */,
				53EAED20196EDE5100943894 /* libPocoFoundation.23.dylib */,
				53EAED21196EDE5100943894 /* libPocoFoundationd.23.dylib */,
				53EAED22196EDE5100943894 /* libPocoJSON.23.dylib */,
				53EAED23196EDE5100943894 /* libPocoJSONd.23.dylib */,
				53EAED24196EDE5100943894 /* libPocoMongoDB.23.dylib */,
				53EAED25196EDE5100943894 /* libPocoMongoDBd.23.dylib */,
				53EAED26196EDE5100943894 /* libPocoNet.23.dylib */,
				53EAED27196EDE5100943894 /* libPocoNetd.23.dylib */,
				53EAED28196EDE5200943894 /* libPocoNetSSL.23.dylib */,
				53EAED29196EDE5200943894 /* libPocoNetSSLd.23.dylib */,
				53EAED2A196EDE5200943894 /* libPocoUtil.23.dylib */,
				53EAED2B196EDE5200943894 /* libPocoUtild.23.dylib */,
				53EAED2C196EDE5200943894 /* libPocoXML.23.dylib */,
				53EAED2D196EDE5200943894 /* libPocoXMLd.23.dylib */,
				53EAED2E196EDE5200943894 /* libPocoZip.23.dylib */,
				53EAED2F196EDE5200943894 /* libPocoZipd.23.dylib */,
			);
			name = "poco libs";
			sourceTree = "<group>";
		};
/* End PBXGroup section */

/* Begin PBXHeadersBuildPhase section */
		53EAECAA196E2D1C00943894 /* Headers */ = {
			isa = PBXHeadersBuildPhase;
			buildActionMask = 2147483647;
			files = (
			);
			runOnlyForDeploymentPostprocessing = 0;
		};
/* End PBXHeadersBuildPhase section */

/* Begin PBXLegacyTarget section */
		5391ADEF197426EE007BA5CD /* libMber.so */ = {
			isa = PBXLegacyTarget;
			buildArgumentsString = "$(ACTION)";
			buildConfigurationList = 5391ADF2197426EE007BA5CD /* Build configuration list for PBXLegacyTarget "libMber.so" */;
			buildPhases = (
			);
			buildToolPath = /usr/bin/make;
			dependencies = (
			);
			name = libMber.so;
			passBuildSettingsInEnvironment = 1;
			productName = libMber.so;
		};
		5391ADF819742CB2007BA5CD /* libMber test */ = {
			isa = PBXLegacyTarget;
			buildArgumentsString = test;
			buildConfigurationList = 5391ADF919742CB2007BA5CD /* Build configuration list for PBXLegacyTarget "libMber test" */;
			buildPhases = (
			);
			buildToolPath = /usr/bin/make;
			buildWorkingDirectory = "";
			dependencies = (
			);
			name = "libMber test";
			passBuildSettingsInEnvironment = 1;
			productName = libMber.so;
		};
/* End PBXLegacyTarget section */

/* Begin PBXNativeTarget section */
		53EABE95196E289100943894 /* Mber Linux SDK */ = {
			isa = PBXNativeTarget;
			buildConfigurationList = 53EABE9A196E289100943894 /* Build configuration list for PBXNativeTarget "Mber Linux SDK" */;
			buildPhases = (
				53EAECA8196E2D0000943894 /* Sources */,
				53EAECAB196E483700943894 /* Frameworks */,
				53EAECAA196E2D1C00943894 /* Headers */,
			);
			buildRules = (
			);
			dependencies = (
			);
			name = "Mber Linux SDK";
			productName = "Mber Linux SDK";
			productReference = 53EABE96196E289100943894 /* libMber Linux SDK.dylib */;
			productType = "com.apple.product-type.library.dynamic";
		};
/* End PBXNativeTarget section */

/* Begin PBXProject section */
		53EABE8E196E289100943894 /* Project object */ = {
			isa = PBXProject;
			attributes = {
				LastUpgradeCheck = 0510;
				ORGANIZATIONNAME = "Jon Gherardini";
			};
			buildConfigurationList = 53EABE91196E289100943894 /* Build configuration list for PBXProject "Mber Linux SDK" */;
			compatibilityVersion = "Xcode 3.2";
			developmentRegion = English;
			hasScannedForEncodings = 0;
			knownRegions = (
				en,
			);
			mainGroup = 53EABE8D196E289100943894;
			productRefGroup = 53EABE97196E289100943894 /* Products */;
			projectDirPath = "";
			projectRoot = "";
			targets = (
				53EABE95196E289100943894 /* Mber Linux SDK */,
				5391ADEF197426EE007BA5CD /* libMber.so */,
				5391ADF819742CB2007BA5CD /* libMber test */,
			);
		};
/* End PBXProject section */

/* Begin PBXSourcesBuildPhase section */
		53EAECA8196E2D0000943894 /* Sources */ = {
			isa = PBXSourcesBuildPhase;
			buildActionMask = 2147483647;
			files = (
				53EAECBD196E510500943894 /* digital_good_instance_interface.cpp in Sources */,
				53EAECBE196E510500943894 /* digital_good_instance_list_interface.cpp in Sources */,
				53EAECBF196E510500943894 /* DigitalGoodInstanceImpl.cpp in Sources */,
				53EAECC0196E510500943894 /* entity_pointer_interface.cpp in Sources */,
				53EAECC1196E510500943894 /* entity_pointer_list_interface.cpp in Sources */,
				53EAECC2196E510500943894 /* EntityPointerImpl.cpp in Sources */,
				53EAECC3196E510500943894 /* mber_dll_interface.cpp in Sources */,
				53EAECC4196E510500943894 /* mber_json_rest_interface.cpp in Sources */,
				53EAECC5196E510500943894 /* MberImpl.cpp in Sources */,
				53EAECC6196E510500943894 /* PocoSessionWrapper.cpp in Sources */,
				53EAECC7196E510500943894 /* property_interface.cpp in Sources */,
				53EAECC8196E510500943894 /* property_list_interface.cpp in Sources */,
				53EAECC9196E510500943894 /* PropertyImpl.cpp in Sources */,
				53EAECA9196E2D1100943894 /* mber.cpp in Sources */,
			);
			runOnlyForDeploymentPostprocessing = 0;
		};
/* End PBXSourcesBuildPhase section */

/* Begin XCBuildConfiguration section */
		5391ADF0197426EE007BA5CD /* Debug */ = {
			isa = XCBuildConfiguration;
			buildSettings = {
				DEBUGGING_SYMBOLS = YES;
				GCC_GENERATE_DEBUGGING_SYMBOLS = YES;
				GCC_OPTIMIZATION_LEVEL = 0;
				GCC_PREPROCESSOR_DEFINITIONS = (
					"DEBUG=1",
					"$(inherited)",
				);
				MACOSX_DEPLOYMENT_TARGET = 10.8;
				OTHER_CFLAGS = "";
				OTHER_LDFLAGS = "";
				PRODUCT_NAME = "$(TARGET_NAME)";
			};
			name = Debug;
		};
		5391ADF1197426EE007BA5CD /* Release */ = {
			isa = XCBuildConfiguration;
			buildSettings = {
				MACOSX_DEPLOYMENT_TARGET = 10.8;
				OTHER_CFLAGS = "";
				OTHER_LDFLAGS = "";
				PRODUCT_NAME = "$(TARGET_NAME)";
			};
			name = Release;
		};
		5391ADFA19742CB2007BA5CD /* Debug */ = {
			isa = XCBuildConfiguration;
			buildSettings = {
				DEBUGGING_SYMBOLS = YES;
				GCC_GENERATE_DEBUGGING_SYMBOLS = YES;
				GCC_OPTIMIZATION_LEVEL = 0;
				GCC_PREPROCESSOR_DEFINITIONS = (
					"DEBUG=1",
					"$(inherited)",
				);
				MACOSX_DEPLOYMENT_TARGET = 10.8;
				OTHER_CFLAGS = "";
				OTHER_LDFLAGS = "";
				PRODUCT_NAME = "libMber.so copy";
			};
			name = Debug;
		};
		5391ADFB19742CB2007BA5CD /* Release */ = {
			isa = XCBuildConfiguration;
			buildSettings = {
				MACOSX_DEPLOYMENT_TARGET = 10.8;
				OTHER_CFLAGS = "";
				OTHER_LDFLAGS = "";
				PRODUCT_NAME = "libMber.so copy";
			};
			name = Release;
		};
		53EABE98196E289100943894 /* Debug */ = {
			isa = XCBuildConfiguration;
			buildSettings = {
				ALWAYS_SEARCH_USER_PATHS = NO;
				CLANG_CXX_LANGUAGE_STANDARD = "gnu++0x";
				CLANG_CXX_LIBRARY = "libc++";
				CLANG_ENABLE_MODULES = YES;
				CLANG_ENABLE_OBJC_ARC = YES;
				CLANG_WARN_BOOL_CONVERSION = YES;
				CLANG_WARN_CONSTANT_CONVERSION = YES;
				CLANG_WARN_DIRECT_OBJC_ISA_USAGE = YES_ERROR;
				CLANG_WARN_EMPTY_BODY = YES;
				CLANG_WARN_ENUM_CONVERSION = YES;
				CLANG_WARN_INT_CONVERSION = YES;
				CLANG_WARN_OBJC_ROOT_CLASS = YES_ERROR;
				CLANG_WARN__DUPLICATE_METHOD_MATCH = YES;
				COPY_PHASE_STRIP = NO;
				GCC_C_LANGUAGE_STANDARD = gnu99;
				GCC_DYNAMIC_NO_PIC = NO;
				GCC_ENABLE_OBJC_EXCEPTIONS = YES;
				GCC_OPTIMIZATION_LEVEL = 0;
				GCC_PREPROCESSOR_DEFINITIONS = (
					"DEBUG=1",
					"$(inherited)",
				);
				GCC_SYMBOLS_PRIVATE_EXTERN = NO;
				GCC_WARN_64_TO_32_BIT_CONVERSION = YES;
				GCC_WARN_ABOUT_RETURN_TYPE = YES_ERROR;
				GCC_WARN_UNDECLARED_SELECTOR = YES;
				GCC_WARN_UNINITIALIZED_AUTOS = YES_AGGRESSIVE;
				GCC_WARN_UNUSED_FUNCTION = YES;
				GCC_WARN_UNUSED_VARIABLE = YES;
				MACOSX_DEPLOYMENT_TARGET = 10.9;
				ONLY_ACTIVE_ARCH = YES;
				SDKROOT = macosx;
			};
			name = Debug;
		};
		53EABE99196E289100943894 /* Release */ = {
			isa = XCBuildConfiguration;
			buildSettings = {
				ALWAYS_SEARCH_USER_PATHS = NO;
				CLANG_CXX_LANGUAGE_STANDARD = "gnu++0x";
				CLANG_CXX_LIBRARY = "libc++";
				CLANG_ENABLE_MODULES = YES;
				CLANG_ENABLE_OBJC_ARC = YES;
				CLANG_WARN_BOOL_CONVERSION = YES;
				CLANG_WARN_CONSTANT_CONVERSION = YES;
				CLANG_WARN_DIRECT_OBJC_ISA_USAGE = YES_ERROR;
				CLANG_WARN_EMPTY_BODY = YES;
				CLANG_WARN_ENUM_CONVERSION = YES;
				CLANG_WARN_INT_CONVERSION = YES;
				CLANG_WARN_OBJC_ROOT_CLASS = YES_ERROR;
				CLANG_WARN__DUPLICATE_METHOD_MATCH = YES;
				COPY_PHASE_STRIP = YES;
				DEBUG_INFORMATION_FORMAT = "dwarf-with-dsym";
				ENABLE_NS_ASSERTIONS = NO;
				GCC_C_LANGUAGE_STANDARD = gnu99;
				GCC_ENABLE_OBJC_EXCEPTIONS = YES;
				GCC_WARN_64_TO_32_BIT_CONVERSION = YES;
				GCC_WARN_ABOUT_RETURN_TYPE = YES_ERROR;
				GCC_WARN_UNDECLARED_SELECTOR = YES;
				GCC_WARN_UNINITIALIZED_AUTOS = YES_AGGRESSIVE;
				GCC_WARN_UNUSED_FUNCTION = YES;
				GCC_WARN_UNUSED_VARIABLE = YES;
				MACOSX_DEPLOYMENT_TARGET = 10.9;
				SDKROOT = macosx;
			};
			name = Release;
		};
		53EABE9B196E289100943894 /* Debug */ = {
			isa = XCBuildConfiguration;
			buildSettings = {
				ALWAYS_SEARCH_USER_PATHS = NO;
				ARCHS = "$(ARCHS_STANDARD_64_BIT)";
				EXECUTABLE_PREFIX = lib;
				LIBRARY_SEARCH_PATHS = (
					"$(inherited)",
					"$(PROJECT_DIR)/cpp/OpenSSL/lib/MinGW",
					"$(PROJECT_DIR)/cpp/OpenSSL/lib/VC",
					"$(PROJECT_DIR)/cpp/OpenSSL/lib/VC/static",
					"$(PROJECT_DIR)/cpp/OpenSSL-Win64/lib",
					"$(PROJECT_DIR)/cpp/OpenSSL-Win64/lib/VC",
					"$(PROJECT_DIR)/cpp/OpenSSL-Win64/lib/VC/static",
					"$(PROJECT_DIR)/cpp/poco-1.4.6p4/lib/Darwin/x86_64",
					"$(PROJECT_DIR)/cpp/poco-1.4.6p4-all/lib/Darwin/x86_64",
					"$(PROJECT_DIR)/cpp/poco-1.5.3-all/lib/Darwin/x86_64",
				);
				PRODUCT_NAME = "$(TARGET_NAME)";
				USER_HEADER_SEARCH_PATHS = "/Users/jsg/code/gula_git/MberLinuxSDK/cpp/generated/include /Users/jsg/code/gula_git/MberLinuxSDK/cpp/poco-1.5.3-all/Foundation/include /Users/jsg/code/gula_git/MberLinuxSDK/cpp/poco-1.5.3-all/Net/include /Users/jsg/code/gula_git/MberLinuxSDK/cpp/poco-1.5.3-all/JSON/include /Users/jsg/code/gula_git/MberLinuxSDK/cpp/poco-1.5.3-all/NetSSL_OpenSSL/include/ /Users/jsg/code/gula_git/MberLinuxSDK/cpp/poco-1.5.3-all/Crypto/include/ /Users/jsg/code/gula_git/MberLinuxSDK/cpp/poco-1.5.3-all/Util/include/";
			};
			name = Debug;
		};
		53EABE9C196E289100943894 /* Release */ = {
			isa = XCBuildConfiguration;
			buildSettings = {
				ALWAYS_SEARCH_USER_PATHS = NO;
				ARCHS = "$(ARCHS_STANDARD_64_BIT)";
				EXECUTABLE_PREFIX = lib;
				LIBRARY_SEARCH_PATHS = (
					"$(inherited)",
					"$(PROJECT_DIR)/cpp/OpenSSL/lib/MinGW",
					"$(PROJECT_DIR)/cpp/OpenSSL/lib/VC",
					"$(PROJECT_DIR)/cpp/OpenSSL/lib/VC/static",
					"$(PROJECT_DIR)/cpp/OpenSSL-Win64/lib",
					"$(PROJECT_DIR)/cpp/OpenSSL-Win64/lib/VC",
					"$(PROJECT_DIR)/cpp/OpenSSL-Win64/lib/VC/static",
					"$(PROJECT_DIR)/cpp/poco-1.4.6p4/lib/Darwin/x86_64",
					"$(PROJECT_DIR)/cpp/poco-1.4.6p4-all/lib/Darwin/x86_64",
					"$(PROJECT_DIR)/cpp/poco-1.5.3-all/lib/Darwin/x86_64",
				);
				PRODUCT_NAME = "$(TARGET_NAME)";
				USER_HEADER_SEARCH_PATHS = "/Users/jsg/code/gula_git/MberLinuxSDK/cpp/generated/include /Users/jsg/code/gula_git/MberLinuxSDK/cpp/poco-1.5.3-all/Foundation/include /Users/jsg/code/gula_git/MberLinuxSDK/cpp/poco-1.5.3-all/Net/include /Users/jsg/code/gula_git/MberLinuxSDK/cpp/poco-1.5.3-all/JSON/include /Users/jsg/code/gula_git/MberLinuxSDK/cpp/poco-1.5.3-all/NetSSL_OpenSSL/include/ /Users/jsg/code/gula_git/MberLinuxSDK/cpp/poco-1.5.3-all/Crypto/include/ /Users/jsg/code/gula_git/MberLinuxSDK/cpp/poco-1.5.3-all/Util/include/";
			};
			name = Release;
		};
/* End XCBuildConfiguration section */

/* Begin XCConfigurationList section */
		5391ADF2197426EE007BA5CD /* Build configuration list for PBXLegacyTarget "libMber.so" */ = {
			isa = XCConfigurationList;
			buildConfigurations = (
				5391ADF0197426EE007BA5CD /* Debug */,
				5391ADF1197426EE007BA5CD /* Release */,
			);
			defaultConfigurationIsVisible = 0;
		};
		5391ADF919742CB2007BA5CD /* Build configuration list for PBXLegacyTarget "libMber test" */ = {
			isa = XCConfigurationList;
			buildConfigurations = (
				5391ADFA19742CB2007BA5CD /* Debug */,
				5391ADFB19742CB2007BA5CD /* Release */,
			);
			defaultConfigurationIsVisible = 0;
			defaultConfigurationName = Release;
		};
		53EABE91196E289100943894 /* Build configuration list for PBXProject "Mber Linux SDK" */ = {
			isa = XCConfigurationList;
			buildConfigurations = (
				53EABE98196E289100943894 /* Debug */,
				53EABE99196E289100943894 /* Release */,
			);
			defaultConfigurationIsVisible = 0;
			defaultConfigurationName = Release;
		};
		53EABE9A196E289100943894 /* Build configuration list for PBXNativeTarget "Mber Linux SDK" */ = {
			isa = XCConfigurationList;
			buildConfigurations = (
				53EABE9B196E289100943894 /* Debug */,
				53EABE9C196E289100943894 /* Release */,
			);
			defaultConfigurationIsVisible = 0;
			defaultConfigurationName = Release;
		};
/* End XCConfigurationList section */
	};
	rootObject = 53EABE8E196E289100943894 /* Project object */;
}
